
Microsoft Visual Studio Solution File, Format Version 12.00
# Visual Studio Version 17
VisualStudioVersion = 17.14.36121.58
MinimumVisualStudioVersion = 10.0.40219.1
Project("{2150E333-8FDC-42A3-9474-1A3956D46DE8}") = "Authentication", "Authentication", "{02EA681E-C7D8-13C7-8484-4AC65E1B71E8}"
EndProject
Project("{2150E333-8FDC-42A3-9474-1A3956D46DE8}") = "Correspondence Core Service", "Correspondence Core Service", "{E7DD5E95-C5DC-4F62-A86D-297435389687}"
EndProject
Project("{2150E333-8FDC-42A3-9474-1A3956D46DE8}") = "Workflow Service", "Workflow Service", "{D6F6F074-33E7-4977-B76F-E2FECA53F02D}"
EndProject
Project("{2150E333-8FDC-42A3-9474-1A3956D46DE8}") = "File & OCR Service", "File & OCR Service", "{07A44728-90CB-4441-B458-C4FB455F13A0}"
EndProject
Project("{FAE04EC0-301F-11D3-BF4B-00C04F79EFBC}") = "automationFile&OCRService", "automationFile&OCRService\automationFile&OCRService.csproj", "{C3607239-CCFE-476D-B2F3-4869D510600F}"
EndProject
Project("{2150E333-8FDC-42A3-9474-1A3956D46DE8}") = "Search Service", "Search Service", "{01A7ED35-85E2-4EF5-89AB-9D7774B432F8}"
EndProject
Project("{2150E333-8FDC-42A3-9474-1A3956D46DE8}") = "Core", "Core", "{1364ACB8-A5EC-462D-9B1F-C721ED2E0B66}"
EndProject
Project("{2150E333-8FDC-42A3-9474-1A3956D46DE8}") = "infrastructure", "infrastructure", "{467D58BE-3678-4640-BC19-20807DF23377}"
EndProject
Project("{2150E333-8FDC-42A3-9474-1A3956D46DE8}") = "presentation", "presentation", "{37BA8418-C66B-4DD7-93AA-0CE2E2002A73}"
EndProject
Project("{2150E333-8FDC-42A3-9474-1A3956D46DE8}") = "api", "api", "{0D713E04-6DA6-4E4E-8AA2-340507BDFF1E}"
EndProject
Project("{2150E333-8FDC-42A3-9474-1A3956D46DE8}") = "Domain", "Domain", "{14364FB9-926C-4267-AE91-E5BBF3EFD867}"
EndProject
Project("{2150E333-8FDC-42A3-9474-1A3956D46DE8}") = "Application", "Application", "{E9EA0A80-90A2-40EB-AB14-0DCFCAEF5133}"
EndProject
Project("{FAE04EC0-301F-11D3-BF4B-00C04F79EFBC}") = "authentication.domain", "Authentication\Core\Domain\authentication.domain\authentication.domain.csproj", "{3D40BCE6-3036-4FEE-88A0-DAB577BDDDB3}"
EndProject
Project("{FAE04EC0-301F-11D3-BF4B-00C04F79EFBC}") = "authentication.application", "Authentication\Core\Application\authentication.application\authentication.application.csproj", "{26E3B323-F3EE-44AC-84E1-06C94863BE35}"
EndProject
Project("{FAE04EC0-301F-11D3-BF4B-00C04F79EFBC}") = "authentication.presistence", "Authentication\infrastructure\authentication.presistence\authentication.presistence.csproj", "{9B8D61A9-8BF2-41DC-A17D-670A0BA89778}"
EndProject
Project("{FAE04EC0-301F-11D3-BF4B-00C04F79EFBC}") = "authentication.api", "Authentication\presntation\api\authentication.api\authentication.api.csproj", "{1EDD7AF2-9ACB-44F1-8792-BC49A230B6AD}"
EndProject
Project("{2150E333-8FDC-42A3-9474-1A3956D46DE8}") = "core", "core", "{A886C9AF-1CE4-42FD-B74A-9F0F67A4BC44}"
EndProject
Project("{2150E333-8FDC-42A3-9474-1A3956D46DE8}") = "infrastructure", "infrastructure", "{FA22180A-8763-42B7-95C5-29CD09CA4EE1}"
EndProject
Project("{2150E333-8FDC-42A3-9474-1A3956D46DE8}") = "presentation", "presentation", "{C4E55B63-D7A8-476A-9FFA-E9035C2EB542}"
EndProject
Project("{2150E333-8FDC-42A3-9474-1A3956D46DE8}") = "Application", "Application", "{FBD04A35-9CF7-4080-B452-A646412372CA}"
EndProject
Project("{2150E333-8FDC-42A3-9474-1A3956D46DE8}") = "Domain", "Domain", "{DFEE23DC-225A-4746-A344-AC2E2725738A}"
EndProject
Project("{FAE04EC0-301F-11D3-BF4B-00C04F79EFBC}") = "CorrespondenceCore.Application", "automationCorrespondencecoreService\core\Application\CorrespondenceCore.Application\CorrespondenceCore.Application.csproj", "{26F29DEE-69D0-43BA-8154-6CE99109948D}"
EndProject
Project("{FAE04EC0-301F-11D3-BF4B-00C04F79EFBC}") = "CorrespondenceCore.domain", "automationCorrespondencecoreService\core\Domain\CorrespondenceCore.domain\CorrespondenceCore.domain.csproj", "{D978FB27-A6EC-4456-92A6-74E3E4F8B61F}"
EndProject
Project("{FAE04EC0-301F-11D3-BF4B-00C04F79EFBC}") = "CorrespondenceCore.Presistence", "automationCorrespondencecoreService\infrastructure\CorrespondenceCore.Presistence\CorrespondenceCore.Presistence.csproj", "{12AF65AA-CC34-4693-8A60-D73A4EE1F40B}"
EndProject
Project("{2150E333-8FDC-42A3-9474-1A3956D46DE8}") = "api", "api", "{3DB2D19B-83B3-4B54-A1A0-F6233F401DA0}"
EndProject
Project("{FAE04EC0-301F-11D3-BF4B-00C04F79EFBC}") = "CorrespondenceCore.Api", "automationCorrespondencecoreService\presentation\api\CorrespondenceCore.Api\CorrespondenceCore.Api.csproj", "{5A0861A5-3979-465C-A04F-95112D743380}"
EndProject
Project("{2150E333-8FDC-42A3-9474-1A3956D46DE8}") = "core", "core", "{2FE008A7-C33D-4544-97BF-DA0CAC5DAF1D}"
EndProject
Project("{2150E333-8FDC-42A3-9474-1A3956D46DE8}") = "infrastructure", "infrastructure", "{801CBC39-7334-4CD4-865C-88969998EC15}"
EndProject
Project("{2150E333-8FDC-42A3-9474-1A3956D46DE8}") = "presentaion", "presentaion", "{3A4572EF-F2BD-41DC-818C-B018DAF4BED2}"
EndProject
Project("{2150E333-8FDC-42A3-9474-1A3956D46DE8}") = "Domain", "Domain", "{54FE57E1-F161-46AC-A011-BCF85E652B03}"
EndProject
Project("{2150E333-8FDC-42A3-9474-1A3956D46DE8}") = "Application", "Application", "{DB274864-E4FF-46FE-9F46-D103374829D0}"
EndProject
Project("{FAE04EC0-301F-11D3-BF4B-00C04F79EFBC}") = "workflow.domain", "automationWorkflowservice\core\Domain\workflow.domain\workflow.domain.csproj", "{31D92EF7-9A34-453E-86BB-376E0A22E77C}"
EndProject
Project("{FAE04EC0-301F-11D3-BF4B-00C04F79EFBC}") = "workflow.Appliction", "automationWorkflowservice\core\Application\workflow.Appliction\workflow.Appliction.csproj", "{83BAB2D4-075E-4772-8A3C-7C89C15799C0}"
EndProject
Project("{FAE04EC0-301F-11D3-BF4B-00C04F79EFBC}") = "workflow.Persistence", "automationWorkflowservice\infrastructure\workflow.Persistence\workflow.Persistence.csproj", "{4DF399A7-448B-4D7A-B696-F78DE14ED99C}"
EndProject
Project("{2150E333-8FDC-42A3-9474-1A3956D46DE8}") = "api", "api", "{380BC749-6347-460F-BF40-C77096B085F9}"
EndProject
Project("{FAE04EC0-301F-11D3-BF4B-00C04F79EFBC}") = "workflow.Api", "automationWorkflowservice\presentation\api\workflow.Api\workflow.Api.csproj", "{A6F3C5E0-8AB9-4DD4-A8FA-05E34632FF30}"
EndProject
Project("{2150E333-8FDC-42A3-9474-1A3956D46DE8}") = "core", "core", "{DEF7A362-6BA1-40BC-A4C3-552D533689C5}"
EndProject
Project("{2150E333-8FDC-42A3-9474-1A3956D46DE8}") = "infrastructure", "infrastructure", "{260CD454-73F9-49E0-AB12-EFBA9C009164}"
EndProject
Project("{2150E333-8FDC-42A3-9474-1A3956D46DE8}") = "presentation", "presentation", "{94C7F49F-A0C9-46A2-AC2F-D75793FA031D}"
EndProject
Project("{2150E333-8FDC-42A3-9474-1A3956D46DE8}") = "Application", "Application", "{8E49E3B0-1514-4DFA-B648-827399474D7E}"
EndProject
Project("{2150E333-8FDC-42A3-9474-1A3956D46DE8}") = "Domain", "Domain", "{ED26E21A-621F-408B-AB1C-9FEC969B226A}"
EndProject
Project("{FAE04EC0-301F-11D3-BF4B-00C04F79EFBC}") = "searchengine.domain", "automationSearchservice\Core\Domain\searchengine.domain\searchengine.domain.csproj", "{6239ADEC-3829-4869-94AB-CEAF8252C4D3}"
EndProject
Project("{FAE04EC0-301F-11D3-BF4B-00C04F79EFBC}") = "searchengine.Application", "automationSearchservice\Core\Application\searchengine.Application\searchengine.Application.csproj", "{0B1FA958-8BC8-434A-8984-F1B14CB4DC89}"
EndProject
Project("{FAE04EC0-301F-11D3-BF4B-00C04F79EFBC}") = "searchengine.Persistence", "automationSearchservice\infrastructure\searchengine.Persistence\searchengine.Persistence.csproj", "{F8E837D5-7793-4F46-8A83-24C368C78E4C}"
EndProject
Project("{2150E333-8FDC-42A3-9474-1A3956D46DE8}") = "api", "api", "{7453D16D-03B0-4BCF-A2A8-3B8DC89E4F9F}"
EndProject
Project("{FAE04EC0-301F-11D3-BF4B-00C04F79EFBC}") = "searchengine.Api", "automationSearchservice\presentation\api\searchengine.Api\searchengine.Api.csproj", "{1274B197-EBBA-403C-B313-ECAF77E94069}"
EndProject
Project("{2150E333-8FDC-42A3-9474-1A3956D46DE8}") = "Gateway", "Gateway", "{600EB7E2-C670-44D1-ADE1-6D0E28DF550E}"
EndProject
Project("{FAE04EC0-301F-11D3-BF4B-00C04F79EFBC}") = "industrial.gateway", "Gateway\industrial.gateway\industrial.gateway.csproj", "{D899FE47-B2B8-4B58-93DD-4716085E49C3}"
EndProject
Project("{2150E333-8FDC-42A3-9474-1A3956D46DE8}") = "webApi", "webApi", "{44815F8B-5104-4E72-A826-22B5AF7722DD}"
EndProject
Project("{FAE04EC0-301F-11D3-BF4B-00C04F79EFBC}") = "webapi", "webapi\webapi.csproj", "{7034A343-C223-4265-BB0A-3F29FA822A1A}"
EndProject
Global
	GlobalSection(SolutionConfigurationPlatforms) = preSolution
		Debug|Any CPU = Debug|Any CPU
		Release|Any CPU = Release|Any CPU
	EndGlobalSection
	GlobalSection(ProjectConfigurationPlatforms) = postSolution
		{C3607239-CCFE-476D-B2F3-4869D510600F}.Debug|Any CPU.ActiveCfg = Debug|Any CPU
		{C3607239-CCFE-476D-B2F3-4869D510600F}.Debug|Any CPU.Build.0 = Debug|Any CPU
		{C3607239-CCFE-476D-B2F3-4869D510600F}.Release|Any CPU.ActiveCfg = Release|Any CPU
		{C3607239-CCFE-476D-B2F3-4869D510600F}.Release|Any CPU.Build.0 = Release|Any CPU
		{3D40BCE6-3036-4FEE-88A0-DAB577BDDDB3}.Debug|Any CPU.ActiveCfg = Debug|Any CPU
		{3D40BCE6-3036-4FEE-88A0-DAB577BDDDB3}.Debug|Any CPU.Build.0 = Debug|Any CPU
		{3D40BCE6-3036-4FEE-88A0-DAB577BDDDB3}.Release|Any CPU.ActiveCfg = Release|Any CPU
		{3D40BCE6-3036-4FEE-88A0-DAB577BDDDB3}.Release|Any CPU.Build.0 = Release|Any CPU
		{26E3B323-F3EE-44AC-84E1-06C94863BE35}.Debug|Any CPU.ActiveCfg = Debug|Any CPU
		{26E3B323-F3EE-44AC-84E1-06C94863BE35}.Debug|Any CPU.Build.0 = Debug|Any CPU
		{26E3B323-F3EE-44AC-84E1-06C94863BE35}.Release|Any CPU.ActiveCfg = Release|Any CPU
		{26E3B323-F3EE-44AC-84E1-06C94863BE35}.Release|Any CPU.Build.0 = Release|Any CPU
		{9B8D61A9-8BF2-41DC-A17D-670A0BA89778}.Debug|Any CPU.ActiveCfg = Debug|Any CPU
		{9B8D61A9-8BF2-41DC-A17D-670A0BA89778}.Debug|Any CPU.Build.0 = Debug|Any CPU
		{9B8D61A9-8BF2-41DC-A17D-670A0BA89778}.Release|Any CPU.ActiveCfg = Release|Any CPU
		{9B8D61A9-8BF2-41DC-A17D-670A0BA89778}.Release|Any CPU.Build.0 = Release|Any CPU
		{1EDD7AF2-9ACB-44F1-8792-BC49A230B6AD}.Debug|Any CPU.ActiveCfg = Debug|Any CPU
		{1EDD7AF2-9ACB-44F1-8792-BC49A230B6AD}.Debug|Any CPU.Build.0 = Debug|Any CPU
		{1EDD7AF2-9ACB-44F1-8792-BC49A230B6AD}.Release|Any CPU.ActiveCfg = Release|Any CPU
		{1EDD7AF2-9ACB-44F1-8792-BC49A230B6AD}.Release|Any CPU.Build.0 = Release|Any CPU
		{26F29DEE-69D0-43BA-8154-6CE99109948D}.Debug|Any CPU.ActiveCfg = Debug|Any CPU
		{26F29DEE-69D0-43BA-8154-6CE99109948D}.Debug|Any CPU.Build.0 = Debug|Any CPU
		{26F29DEE-69D0-43BA-8154-6CE99109948D}.Release|Any CPU.ActiveCfg = Release|Any CPU
		{26F29DEE-69D0-43BA-8154-6CE99109948D}.Release|Any CPU.Build.0 = Release|Any CPU
		{D978FB27-A6EC-4456-92A6-74E3E4F8B61F}.Debug|Any CPU.ActiveCfg = Debug|Any CPU
		{D978FB27-A6EC-4456-92A6-74E3E4F8B61F}.Debug|Any CPU.Build.0 = Debug|Any CPU
		{D978FB27-A6EC-4456-92A6-74E3E4F8B61F}.Release|Any CPU.ActiveCfg = Release|Any CPU
		{D978FB27-A6EC-4456-92A6-74E3E4F8B61F}.Release|Any CPU.Build.0 = Release|Any CPU
		{12AF65AA-CC34-4693-8A60-D73A4EE1F40B}.Debug|Any CPU.ActiveCfg = Debug|Any CPU
		{12AF65AA-CC34-4693-8A60-D73A4EE1F40B}.Debug|Any CPU.Build.0 = Debug|Any CPU
		{12AF65AA-CC34-4693-8A60-D73A4EE1F40B}.Release|Any CPU.ActiveCfg = Release|Any CPU
		{12AF65AA-CC34-4693-8A60-D73A4EE1F40B}.Release|Any CPU.Build.0 = Release|Any CPU
		{5A0861A5-3979-465C-A04F-95112D743380}.Debug|Any CPU.ActiveCfg = Debug|Any CPU
		{5A0861A5-3979-465C-A04F-95112D743380}.Debug|Any CPU.Build.0 = Debug|Any CPU
		{5A0861A5-3979-465C-A04F-95112D743380}.Release|Any CPU.ActiveCfg = Release|Any CPU
		{5A0861A5-3979-465C-A04F-95112D743380}.Release|Any CPU.Build.0 = Release|Any CPU
		{31D92EF7-9A34-453E-86BB-376E0A22E77C}.Debug|Any CPU.ActiveCfg = Debug|Any CPU
		{31D92EF7-9A34-453E-86BB-376E0A22E77C}.Debug|Any CPU.Build.0 = Debug|Any CPU
		{31D92EF7-9A34-453E-86BB-376E0A22E77C}.Release|Any CPU.ActiveCfg = Release|Any CPU
		{31D92EF7-9A34-453E-86BB-376E0A22E77C}.Release|Any CPU.Build.0 = Release|Any CPU
		{83BAB2D4-075E-4772-8A3C-7C89C15799C0}.Debug|Any CPU.ActiveCfg = Debug|Any CPU
		{83BAB2D4-075E-4772-8A3C-7C89C15799C0}.Debug|Any CPU.Build.0 = Debug|Any CPU
		{83BAB2D4-075E-4772-8A3C-7C89C15799C0}.Release|Any CPU.ActiveCfg = Release|Any CPU
		{83BAB2D4-075E-4772-8A3C-7C89C15799C0}.Release|Any CPU.Build.0 = Release|Any CPU
		{4DF399A7-448B-4D7A-B696-F78DE14ED99C}.Debug|Any CPU.ActiveCfg = Debug|Any CPU
		{4DF399A7-448B-4D7A-B696-F78DE14ED99C}.Debug|Any CPU.Build.0 = Debug|Any CPU
		{4DF399A7-448B-4D7A-B696-F78DE14ED99C}.Release|Any CPU.ActiveCfg = Release|Any CPU
		{4DF399A7-448B-4D7A-B696-F78DE14ED99C}.Release|Any CPU.Build.0 = Release|Any CPU
		{A6F3C5E0-8AB9-4DD4-A8FA-05E34632FF30}.Debug|Any CPU.ActiveCfg = Debug|Any CPU
		{A6F3C5E0-8AB9-4DD4-A8FA-05E34632FF30}.Debug|Any CPU.Build.0 = Debug|Any CPU
		{A6F3C5E0-8AB9-4DD4-A8FA-05E34632FF30}.Release|Any CPU.ActiveCfg = Release|Any CPU
		{A6F3C5E0-8AB9-4DD4-A8FA-05E34632FF30}.Release|Any CPU.Build.0 = Release|Any CPU
		{6239ADEC-3829-4869-94AB-CEAF8252C4D3}.Debug|Any CPU.ActiveCfg = Debug|Any CPU
		{6239ADEC-3829-4869-94AB-CEAF8252C4D3}.Debug|Any CPU.Build.0 = Debug|Any CPU
		{6239ADEC-3829-4869-94AB-CEAF8252C4D3}.Release|Any CPU.ActiveCfg = Release|Any CPU
		{6239ADEC-3829-4869-94AB-CEAF8252C4D3}.Release|Any CPU.Build.0 = Release|Any CPU
		{0B1FA958-8BC8-434A-8984-F1B14CB4DC89}.Debug|Any CPU.ActiveCfg = Debug|Any CPU
		{0B1FA958-8BC8-434A-8984-F1B14CB4DC89}.Debug|Any CPU.Build.0 = Debug|Any CPU
		{0B1FA958-8BC8-434A-8984-F1B14CB4DC89}.Release|Any CPU.ActiveCfg = Release|Any CPU
		{0B1FA958-8BC8-434A-8984-F1B14CB4DC89}.Release|Any CPU.Build.0 = Release|Any CPU
		{F8E837D5-7793-4F46-8A83-24C368C78E4C}.Debug|Any CPU.ActiveCfg = Debug|Any CPU
		{F8E837D5-7793-4F46-8A83-24C368C78E4C}.Debug|Any CPU.Build.0 = Debug|Any CPU
		{F8E837D5-7793-4F46-8A83-24C368C78E4C}.Release|Any CPU.ActiveCfg = Release|Any CPU
		{F8E837D5-7793-4F46-8A83-24C368C78E4C}.Release|Any CPU.Build.0 = Release|Any CPU
		{1274B197-EBBA-403C-B313-ECAF77E94069}.Debug|Any CPU.ActiveCfg = Debug|Any CPU
		{1274B197-EBBA-403C-B313-ECAF77E94069}.Debug|Any CPU.Build.0 = Debug|Any CPU
		{1274B197-EBBA-403C-B313-ECAF77E94069}.Release|Any CPU.ActiveCfg = Release|Any CPU
		{1274B197-EBBA-403C-B313-ECAF77E94069}.Release|Any CPU.Build.0 = Release|Any CPU
		{D899FE47-B2B8-4B58-93DD-4716085E49C3}.Debug|Any CPU.ActiveCfg = Debug|Any CPU
		{D899FE47-B2B8-4B58-93DD-4716085E49C3}.Debug|Any CPU.Build.0 = Debug|Any CPU
		{D899FE47-B2B8-4B58-93DD-4716085E49C3}.Release|Any CPU.ActiveCfg = Release|Any CPU
		{D899FE47-B2B8-4B58-93DD-4716085E49C3}.Release|Any CPU.Build.0 = Release|Any CPU
		{7034A343-C223-4265-BB0A-3F29FA822A1A}.Debug|Any CPU.ActiveCfg = Debug|Any CPU
		{7034A343-C223-4265-BB0A-3F29FA822A1A}.Debug|Any CPU.Build.0 = Debug|Any CPU
		{7034A343-C223-4265-BB0A-3F29FA822A1A}.Release|Any CPU.ActiveCfg = Release|Any CPU
		{7034A343-C223-4265-BB0A-3F29FA822A1A}.Release|Any CPU.Build.0 = Release|Any CPU
	EndGlobalSection
	GlobalSection(SolutionProperties) = preSolution
		HideSolutionNode = FALSE
	EndGlobalSection
	GlobalSection(NestedProjects) = preSolution
		{C3607239-CCFE-476D-B2F3-4869D510600F} = {07A44728-90CB-4441-B458-C4FB455F13A0}
		{1364ACB8-A5EC-462D-9B1F-C721ED2E0B66} = {02EA681E-C7D8-13C7-8484-4AC65E1B71E8}
		{467D58BE-3678-4640-BC19-20807DF23377} = {02EA681E-C7D8-13C7-8484-4AC65E1B71E8}
		{37BA8418-C66B-4DD7-93AA-0CE2E2002A73} = {02EA681E-C7D8-13C7-8484-4AC65E1B71E8}
		{0D713E04-6DA6-4E4E-8AA2-340507BDFF1E} = {37BA8418-C66B-4DD7-93AA-0CE2E2002A73}
		{14364FB9-926C-4267-AE91-E5BBF3EFD867} = {1364ACB8-A5EC-462D-9B1F-C721ED2E0B66}
		{E9EA0A80-90A2-40EB-AB14-0DCFCAEF5133} = {1364ACB8-A5EC-462D-9B1F-C721ED2E0B66}
		{3D40BCE6-3036-4FEE-88A0-DAB577BDDDB3} = {14364FB9-926C-4267-AE91-E5BBF3EFD867}
		{26E3B323-F3EE-44AC-84E1-06C94863BE35} = {E9EA0A80-90A2-40EB-AB14-0DCFCAEF5133}
		{9B8D61A9-8BF2-41DC-A17D-670A0BA89778} = {467D58BE-3678-4640-BC19-20807DF23377}
		{1EDD7AF2-9ACB-44F1-8792-BC49A230B6AD} = {0D713E04-6DA6-4E4E-8AA2-340507BDFF1E}
		{A886C9AF-1CE4-42FD-B74A-9F0F67A4BC44} = {E7DD5E95-C5DC-4F62-A86D-297435389687}
		{FA22180A-8763-42B7-95C5-29CD09CA4EE1} = {E7DD5E95-C5DC-4F62-A86D-297435389687}
		{C4E55B63-D7A8-476A-9FFA-E9035C2EB542} = {E7DD5E95-C5DC-4F62-A86D-297435389687}
		{FBD04A35-9CF7-4080-B452-A646412372CA} = {A886C9AF-1CE4-42FD-B74A-9F0F67A4BC44}
		{DFEE23DC-225A-4746-A344-AC2E2725738A} = {A886C9AF-1CE4-42FD-B74A-9F0F67A4BC44}
		{26F29DEE-69D0-43BA-8154-6CE99109948D} = {FBD04A35-9CF7-4080-B452-A646412372CA}
		{D978FB27-A6EC-4456-92A6-74E3E4F8B61F} = {DFEE23DC-225A-4746-A344-AC2E2725738A}
		{12AF65AA-CC34-4693-8A60-D73A4EE1F40B} = {FA22180A-8763-42B7-95C5-29CD09CA4EE1}
		{3DB2D19B-83B3-4B54-A1A0-F6233F401DA0} = {C4E55B63-D7A8-476A-9FFA-E9035C2EB542}
		{5A0861A5-3979-465C-A04F-95112D743380} = {3DB2D19B-83B3-4B54-A1A0-F6233F401DA0}
		{2FE008A7-C33D-4544-97BF-DA0CAC5DAF1D} = {D6F6F074-33E7-4977-B76F-E2FECA53F02D}
		{801CBC39-7334-4CD4-865C-88969998EC15} = {D6F6F074-33E7-4977-B76F-E2FECA53F02D}
		{3A4572EF-F2BD-41DC-818C-B018DAF4BED2} = {D6F6F074-33E7-4977-B76F-E2FECA53F02D}
		{54FE57E1-F161-46AC-A011-BCF85E652B03} = {2FE008A7-C33D-4544-97BF-DA0CAC5DAF1D}
		{DB274864-E4FF-46FE-9F46-D103374829D0} = {2FE008A7-C33D-4544-97BF-DA0CAC5DAF1D}
		{31D92EF7-9A34-453E-86BB-376E0A22E77C} = {54FE57E1-F161-46AC-A011-BCF85E652B03}
		{83BAB2D4-075E-4772-8A3C-7C89C15799C0} = {DB274864-E4FF-46FE-9F46-D103374829D0}
		{4DF399A7-448B-4D7A-B696-F78DE14ED99C} = {801CBC39-7334-4CD4-865C-88969998EC15}
		{380BC749-6347-460F-BF40-C77096B085F9} = {3A4572EF-F2BD-41DC-818C-B018DAF4BED2}
		{A6F3C5E0-8AB9-4DD4-A8FA-05E34632FF30} = {380BC749-6347-460F-BF40-C77096B085F9}
		{DEF7A362-6BA1-40BC-A4C3-552D533689C5} = {01A7ED35-85E2-4EF5-89AB-9D7774B432F8}
		{260CD454-73F9-49E0-AB12-EFBA9C009164} = {01A7ED35-85E2-4EF5-89AB-9D7774B432F8}
		{94C7F49F-A0C9-46A2-AC2F-D75793FA031D} = {01A7ED35-85E2-4EF5-89AB-9D7774B432F8}
		{8E49E3B0-1514-4DFA-B648-827399474D7E} = {DEF7A362-6BA1-40BC-A4C3-552D533689C5}
		{ED26E21A-621F-408B-AB1C-9FEC969B226A} = {DEF7A362-6BA1-40BC-A4C3-552D533689C5}
		{6239ADEC-3829-4869-94AB-CEAF8252C4D3} = {ED26E21A-621F-408B-AB1C-9FEC969B226A}
		{0B1FA958-8BC8-434A-8984-F1B14CB4DC89} = {8E49E3B0-1514-4DFA-B648-827399474D7E}
		{F8E837D5-7793-4F46-8A83-24C368C78E4C} = {260CD454-73F9-49E0-AB12-EFBA9C009164}
		{7453D16D-03B0-4BCF-A2A8-3B8DC89E4F9F} = {94C7F49F-A0C9-46A2-AC2F-D75793FA031D}
		{1274B197-EBBA-403C-B313-ECAF77E94069} = {7453D16D-03B0-4BCF-A2A8-3B8DC89E4F9F}
		{D899FE47-B2B8-4B58-93DD-4716085E49C3} = {600EB7E2-C670-44D1-ADE1-6D0E28DF550E}
		{7034A343-C223-4265-BB0A-3F29FA822A1A} = {44815F8B-5104-4E72-A826-22B5AF7722DD}
	EndGlobalSection
	GlobalSection(ExtensibilityGlobals) = postSolution
		SolutionGuid = {0379478C-BF61-4F9B-B102-133C6743A590}
	EndGlobalSection
EndGlobal
